// !$*UTF8*$!
{
	archiveVersion = 1;
	classes = {
	};
	objectVersion = 50;
	objects = {

/* Begin PBXBuildFile section */
		3DB9103204CA0AA6C96F1EC0 /* Pods_StreamLabsAssignment.framework in Frameworks */ = {isa = PBXBuildFile; fileRef = 9470DE86FD8C8C6523E12443 /* Pods_StreamLabsAssignment.framework */; };
		792AB5E3221803F2006401EE /* AppDelegate.swift in Sources */ = {isa = PBXBuildFile; fileRef = 792AB5E2221803F2006401EE /* AppDelegate.swift */; };
		792AB5E5221803F2006401EE /* ViewController.swift in Sources */ = {isa = PBXBuildFile; fileRef = 792AB5E4221803F2006401EE /* ViewController.swift */; };
		792AB5E8221803F2006401EE /* Main.storyboard in Resources */ = {isa = PBXBuildFile; fileRef = 792AB5E6221803F2006401EE /* Main.storyboard */; };
		792AB5EA221803F4006401EE /* Assets.xcassets in Resources */ = {isa = PBXBuildFile; fileRef = 792AB5E9221803F4006401EE /* Assets.xcassets */; };
		792AB5ED221803F4006401EE /* LaunchScreen.storyboard in Resources */ = {isa = PBXBuildFile; fileRef = 792AB5EB221803F4006401EE /* LaunchScreen.storyboard */; };
/* End PBXBuildFile section */

/* Begin PBXFileReference section */
		092C399E520401BAFBB63F7B /* Pods-StreamLabsAssignment.debug.xcconfig */ = {isa = PBXFileReference; includeInIndex = 1; lastKnownFileType = text.xcconfig; name = "Pods-StreamLabsAssignment.debug.xcconfig"; path = "Pods/Target Support Files/Pods-StreamLabsAssignment/Pods-StreamLabsAssignment.debug.xcconfig"; sourceTree = "<group>"; };
		792AB5DF221803F2006401EE /* StreamLabsAssignment.app */ = {isa = PBXFileReference; explicitFileType = wrapper.application; includeInIndex = 0; path = StreamLabsAssignment.app; sourceTree = BUILT_PRODUCTS_DIR; };
		792AB5E2221803F2006401EE /* AppDelegate.swift */ = {isa = PBXFileReference; lastKnownFileType = sourcecode.swift; path = AppDelegate.swift; sourceTree = "<group>"; };
		792AB5E4221803F2006401EE /* ViewController.swift */ = {isa = PBXFileReference; lastKnownFileType = sourcecode.swift; path = ViewController.swift; sourceTree = "<group>"; };
		792AB5E7221803F2006401EE /* Base */ = {isa = PBXFileReference; lastKnownFileType = file.storyboard; name = Base; path = Base.lproj/Main.storyboard; sourceTree = "<group>"; };
		792AB5E9221803F4006401EE /* Assets.xcassets */ = {isa = PBXFileReference; lastKnownFileType = folder.assetcatalog; path = Assets.xcassets; sourceTree = "<group>"; };
		792AB5EC221803F4006401EE /* Base */ = {isa = PBXFileReference; lastKnownFileType = file.storyboard; name = Base; path = Base.lproj/LaunchScreen.storyboard; sourceTree = "<group>"; };
		792AB5EE221803F4006401EE /* Info.plist */ = {isa = PBXFileReference; lastKnownFileType = text.plist.xml; path = Info.plist; sourceTree = "<group>"; };
		9470DE86FD8C8C6523E12443 /* Pods_StreamLabsAssignment.framework */ = {isa = PBXFileReference; explicitFileType = wrapper.framework; includeInIndex = 0; path = Pods_StreamLabsAssignment.framework; sourceTree = BUILT_PRODUCTS_DIR; };
		EC9820A1A6C55DE798B8C480 /* Pods-StreamLabsAssignment.release.xcconfig */ = {isa = PBXFileReference; includeInIndex = 1; lastKnownFileType = text.xcconfig; name = "Pods-StreamLabsAssignment.release.xcconfig"; path = "Pods/Target Support Files/Pods-StreamLabsAssignment/Pods-StreamLabsAssignment.release.xcconfig"; sourceTree = "<group>"; };
/* End PBXFileReference section */

/* Begin PBXFrameworksBuildPhase section */
		792AB5DC221803F2006401EE /* Frameworks */ = {
			isa = PBXFrameworksBuildPhase;
			buildActionMask = 2147483647;
			files = (
				3DB9103204CA0AA6C96F1EC0 /* Pods_StreamLabsAssignment.framework in Frameworks */,
			);
			runOnlyForDeploymentPostprocessing = 0;
		};
/* End PBXFrameworksBuildPhase section */

/* Begin PBXGroup section */
		792AB5D6221803F2006401EE = {
			isa = PBXGroup;
			children = (
				792AB5E1221803F2006401EE /* StreamLabsAssignment */,
				792AB5E0221803F2006401EE /* Products */,
				B3B70FB2D356DB61E87958B9 /* Pods */,
				BBEFEC6754DA55EF1DD5B007 /* Frameworks */,
			);
			sourceTree = "<group>";
		};
		792AB5E0221803F2006401EE /* Products */ = {
			isa = PBXGroup;
			children = (
				792AB5DF221803F2006401EE /* StreamLabsAssignment.app */,
			);
			name = Products;
			sourceTree = "<group>";
		};
		792AB5E1221803F2006401EE /* StreamLabsAssignment */ = {
			isa = PBXGroup;
			children = (
				792AB5EE221803F4006401EE /* Info.plist */,
				792AB5E4221803F2006401EE /* ViewController.swift */,
				792AB5F922180E59006401EE /* Base */,
				792AB5F722180E3D006401EE /* Extension */,
				792AB5F422180E29006401EE /* Model */,
				792AB5F622180E39006401EE /* Service */,
				792AB5F822180E48006401EE /* Storyboard */,
				792AB5FA22180E80006401EE /* SupportingFiles */,
				792AB5F522180E34006401EE /* View */,
			);
			path = StreamLabsAssignment;
			sourceTree = "<group>";
		};
		792AB5F422180E29006401EE /* Model */ = {
			isa = PBXGroup;
			children = (
			);
			path = Model;
			sourceTree = "<group>";
		};
		792AB5F522180E34006401EE /* View */ = {
			isa = PBXGroup;
			children = (
			);
			path = View;
			sourceTree = "<group>";
		};
		792AB5F622180E39006401EE /* Service */ = {
			isa = PBXGroup;
			children = (
			);
			path = Service;
			sourceTree = "<group>";
		};
		792AB5F722180E3D006401EE /* Extension */ = {
			isa = PBXGroup;
			children = (
			);
			path = Extension;
			sourceTree = "<group>";
		};
		792AB5F822180E48006401EE /* Storyboard */ = {
			isa = PBXGroup;
			children = (
				792AB5E6221803F2006401EE /* Main.storyboard */,
				792AB5EB221803F4006401EE /* LaunchScreen.storyboard */,
			);
			path = Storyboard;
			sourceTree = "<group>";
		};
		792AB5F922180E59006401EE /* Base */ = {
			isa = PBXGroup;
			children = (
				792AB5E2221803F2006401EE /* AppDelegate.swift */,
			);
			path = Base;
			sourceTree = "<group>";
		};
		792AB5FA22180E80006401EE /* SupportingFiles */ = {
			isa = PBXGroup;
			children = (
				792AB5E9221803F4006401EE /* Assets.xcassets */,
			);
			path = SupportingFiles;
			sourceTree = "<group>";
		};
		B3B70FB2D356DB61E87958B9 /* Pods */ = {
			isa = PBXGroup;
			children = (
				092C399E520401BAFBB63F7B /* Pods-StreamLabsAssignment.debug.xcconfig */,
				EC9820A1A6C55DE798B8C480 /* Pods-StreamLabsAssignment.release.xcconfig */,
			);
			name = Pods;
			sourceTree = "<group>";
		};
		BBEFEC6754DA55EF1DD5B007 /* Frameworks */ = {
			isa = PBXGroup;
			children = (
				9470DE86FD8C8C6523E12443 /* Pods_StreamLabsAssignment.framework */,
			);
			name = Frameworks;
			sourceTree = "<group>";
		};
/* End PBXGroup section */

/* Begin PBXNativeTarget section */
		792AB5DE221803F2006401EE /* StreamLabsAssignment */ = {
			isa = PBXNativeTarget;
			buildConfigurationList = 792AB5F1221803F4006401EE /* Build configuration list for PBXNativeTarget "StreamLabsAssignment" */;
			buildPhases = (
				0F1DC0281DD59694243C3323 /* [CP] Check Pods Manifest.lock */,
				792AB5DB221803F2006401EE /* Sources */,
				792AB5DC221803F2006401EE /* Frameworks */,
				792AB5DD221803F2006401EE /* Resources */,
				F34E91C27D2B1148ABFF8057 /* [CP] Embed Pods Frameworks */,
			);
			buildRules = (
			);
			dependencies = (
			);
			name = StreamLabsAssignment;
			productName = StreamLabsAssignment;
			productReference = 792AB5DF221803F2006401EE /* StreamLabsAssignment.app */;
			productType = "com.apple.product-type.application";
		};
/* End PBXNativeTarget section */

/* Begin PBXProject section */
		792AB5D7221803F2006401EE /* Project object */ = {
			isa = PBXProject;
			attributes = {
				LastSwiftUpdateCheck = 1010;
				LastUpgradeCheck = 1010;
				ORGANIZATIONNAME = streamlabs;
				TargetAttributes = {
					792AB5DE221803F2006401EE = {
						CreatedOnToolsVersion = 10.1;
					};
				};
			};
			buildConfigurationList = 792AB5DA221803F2006401EE /* Build configuration list for PBXProject "StreamLabsAssignment" */;
			compatibilityVersion = "Xcode 9.3";
			developmentRegion = en;
			hasScannedForEncodings = 0;
			knownRegions = (
				en,
				Base,
			);
			mainGroup = 792AB5D6221803F2006401EE;
			productRefGroup = 792AB5E0221803F2006401EE /* Products */;
			projectDirPath = "";
			projectRoot = "";
			targets = (
				792AB5DE221803F2006401EE /* StreamLabsAssignment */,
			);
		};
/* End PBXProject section */

/* Begin PBXResourcesBuildPhase section */
		792AB5DD221803F2006401EE /* Resources */ = {
			isa = PBXResourcesBuildPhase;
			buildActionMask = 2147483647;
			files = (
				792AB5ED221803F4006401EE /* LaunchScreen.storyboard in Resources */,
				792AB5EA221803F4006401EE /* Assets.xcassets in Resources */,
				792AB5E8221803F2006401EE /* Main.storyboard in Resources */,
			);
			runOnlyForDeploymentPostprocessing = 0;
		};
/* End PBXResourcesBuildPhase section */

/* Begin PBXShellScriptBuildPhase section */
		0F1DC0281DD59694243C3323 /* [CP] Check Pods Manifest.lock */ = {
			isa = PBXShellScriptBuildPhase;
			buildActionMask = 2147483647;
			files = (
			);
			inputPaths = (
				"${PODS_PODFILE_DIR_PATH}/Podfile.lock",
				"${PODS_ROOT}/Manifest.lock",
			);
			name = "[CP] Check Pods Manifest.lock";
			outputPaths = (
				"$(DERIVED_FILE_DIR)/Pods-StreamLabsAssignment-checkManifestLockResult.txt",
			);
			runOnlyForDeploymentPostprocessing = 0;
			shellPath = /bin/sh;
			shellScript = "diff \"${PODS_PODFILE_DIR_PATH}/Podfile.lock\" \"${PODS_ROOT}/Manifest.lock\" > /dev/null\nif [ $? != 0 ] ; then\n    # print error to STDERR\n    echo \"error: The sandbox is not in sync with the Podfile.lock. Run 'pod install' or update your CocoaPods installation.\" >&2\n    exit 1\nfi\n# This output is used by Xcode 'outputs' to avoid re-running this script phase.\necho \"SUCCESS\" > \"${SCRIPT_OUTPUT_FILE_0}\"\n";
			showEnvVarsInLog = 0;
		};
		F34E91C27D2B1148ABFF8057 /* [CP] Embed Pods Frameworks */ = {
			isa = PBXShellScriptBuildPhase;
			buildActionMask = 2147483647;
			files = (
			);
			inputPaths = (
				"${SRCROOT}/Pods/Target Support Files/Pods-StreamLabsAssignment/Pods-StreamLabsAssignment-frameworks.sh",
				"${BUILT_PRODUCTS_DIR}/Alamofire/Alamofire.framework",
				"${BUILT_PRODUCTS_DIR}/ProgressHUD/ProgressHUD.framework",
				"${BUILT_PRODUCTS_DIR}/SwiftyJSON/SwiftyJSON.framework",
			);
			name = "[CP] Embed Pods Frameworks";
			outputPaths = (
				"${TARGET_BUILD_DIR}/${FRAMEWORKS_FOLDER_PATH}/Alamofire.framework",
				"${TARGET_BUILD_DIR}/${FRAMEWORKS_FOLDER_PATH}/ProgressHUD.framework",
				"${TARGET_BUILD_DIR}/${FRAMEWORKS_FOLDER_PATH}/SwiftyJSON.framework",
			);
			runOnlyForDeploymentPostprocessing = 0;
			shellPath = /bin/sh;
			shellScript = "\"${SRCROOT}/Pods/Target Support Files/Pods-StreamLabsAssignment/Pods-StreamLabsAssignment-frameworks.sh\"\n";
			showEnvVarsInLog = 0;
		};
/* End PBXShellScriptBuildPhase section */

/* Begin PBXSourcesBuildPhase section */
		792AB5DB221803F2006401EE /* Sources */ = {
			isa = PBXSourcesBuildPhase;
			buildActionMask = 2147483647;
			files = (
				792AB5E5221803F2006401EE /* ViewController.swift in Sources */,
				792AB5E3221803F2006401EE /* AppDelegate.swift in Sources */,
			);
			runOnlyForDeploymentPostprocessing = 0;
		};
/* End PBXSourcesBuildPhase section */

/* Begin PBXVariantGroup section */
		792AB5E6221803F2006401EE /* Main.storyboard */ = {
			isa = PBXVariantGroup;
			children = (
				792AB5E7221803F2006401EE /* Base */,
			);
			name = Main.storyboard;
			sourceTree = "<group>";
		};
		792AB5EB221803F4006401EE /* LaunchScreen.storyboard */ = {
			isa = PBXVariantGroup;
			children = (
				792AB5EC221803F4006401EE /* Base */,
			);
			name = LaunchScreen.storyboard;
			sourceTree = "<group>";
		};
/* End PBXVariantGroup section */

/* Begin XCBuildConfiguration section */
		792AB5EF221803F4006401EE /* Debug */ = {
			isa = XCBuildConfiguration;
			buildSettings = {
				ALWAYS_SEARCH_USER_PATHS = NO;
				CLANG_ANALYZER_NONNULL = YES;
				CLANG_ANALYZER_NUMBER_OBJECT_CONVERSION = YES_AGGRESSIVE;
				CLANG_CXX_LANGUAGE_STANDARD = "gnu++14";
				CLANG_CXX_LIBRARY = "libc++";
				CLANG_ENABLE_MODULES = YES;
				CLANG_ENABLE_OBJC_ARC = YES;
				CLANG_ENABLE_OBJC_WEAK = YES;
				CLANG_WARN_BLOCK_CAPTURE_AUTORELEASING = YES;
				CLANG_WARN_BOOL_CONVERSION = YES;
				CLANG_WARN_COMMA = YES;
				CLANG_WARN_CONSTANT_CONVERSION = YES;
				CLANG_WARN_DEPRECATED_OBJC_IMPLEMENTATIONS = YES;
				CLANG_WARN_DIRECT_OBJC_ISA_USAGE = YES_ERROR;
				CLANG_WARN_DOCUMENTATION_COMMENTS = YES;
				CLANG_WARN_EMPTY_BODY = YES;
				CLANG_WARN_ENUM_CONVERSION = YES;
				CLANG_WARN_INFINITE_RECURSION = YES;
				CLANG_WARN_INT_CONVERSION = YES;
				CLANG_WARN_NON_LITERAL_NULL_CONVERSION = YES;
				CLANG_WARN_OBJC_IMPLICIT_RETAIN_SELF = YES;
				CLANG_WARN_OBJC_LITERAL_CONVERSION = YES;
				CLANG_WARN_OBJC_ROOT_CLASS = YES_ERROR;
				CLANG_WARN_RANGE_LOOP_ANALYSIS = YES;
				CLANG_WARN_STRICT_PROTOTYPES = YES;
				CLANG_WARN_SUSPICIOUS_MOVE = YES;
				CLANG_WARN_UNGUARDED_AVAILABILITY = YES_AGGRESSIVE;
				CLANG_WARN_UNREACHABLE_CODE = YES;
				CLANG_WARN__DUPLICATE_METHOD_MATCH = YES;
				CODE_SIGN_IDENTITY = "iPhone Developer";
				COPY_PHASE_STRIP = NO;
				DEBUG_INFORMATION_FORMAT = dwarf;
				ENABLE_STRICT_OBJC_MSGSEND = YES;
				ENABLE_TESTABILITY = YES;
				GCC_C_LANGUAGE_STANDARD = gnu11;
				GCC_DYNAMIC_NO_PIC = NO;
				GCC_NO_COMMON_BLOCKS = YES;
				GCC_OPTIMIZATION_LEVEL = 0;
				GCC_PREPROCESSOR_DEFINITIONS = (
					"DEBUG=1",
					"$(inherited)",
				);
				GCC_WARN_64_TO_32_BIT_CONVERSION = YES;
				GCC_WARN_ABOUT_RETURN_TYPE = YES_ERROR;
				GCC_WARN_UNDECLARED_SELECTOR = YES;
				GCC_WARN_UNINITIALIZED_AUTOS = YES_AGGRESSIVE;
				GCC_WARN_UNUSED_FUNCTION = YES;
				GCC_WARN_UNUSED_VARIABLE = YES;
				IPHONEOS_DEPLOYMENT_TARGET = 12.1;
				MTL_ENABLE_DEBUG_INFO = INCLUDE_SOURCE;
				MTL_FAST_MATH = YES;
				ONLY_ACTIVE_ARCH = YES;
				SDKROOT = iphoneos;
				SWIFT_ACTIVE_COMPILATION_CONDITIONS = DEBUG;
				SWIFT_OPTIMIZATION_LEVEL = "-Onone";
			};
			name = Debug;
		};
		792AB5F0221803F4006401EE /* Release */ = {
			isa = XCBuildConfiguration;
			buildSettings = {
				ALWAYS_SEARCH_USER_PATHS = NO;
				CLANG_ANALYZER_NONNULL = YES;
				CLANG_ANALYZER_NUMBER_OBJECT_CONVERSION = YES_AGGRESSIVE;
				CLANG_CXX_LANGUAGE_STANDARD = "gnu++14";
				CLANG_CXX_LIBRARY = "libc++";
				CLANG_ENABLE_MODULES = YES;
				CLANG_ENABLE_OBJC_ARC = YES;
				CLANG_ENABLE_OBJC_WEAK = YES;
				CLANG_WARN_BLOCK_CAPTURE_AUTORELEASING = YES;
				CLANG_WARN_BOOL_CONVERSION = YES;
				CLANG_WARN_COMMA = YES;
				CLANG_WARN_CONSTANT_CONVERSION = YES;
				CLANG_WARN_DEPRECATED_OBJC_IMPLEMENTATIONS = YES;
				CLANG_WARN_DIRECT_OBJC_ISA_USAGE = YES_ERROR;
				CLANG_WARN_DOCUMENTATION_COMMENTS = YES;
				CLANG_WARN_EMPTY_BODY = YES;
				CLANG_WARN_ENUM_CONVERSION = YES;
				CLANG_WARN_INFINITE_RECURSION = YES;
				CLANG_WARN_INT_CONVERSION = YES;
				CLANG_WARN_NON_LITERAL_NULL_CONVERSION = YES;
				CLANG_WARN_OBJC_IMPLICIT_RETAIN_SELF = YES;
				CLANG_WARN_OBJC_LITERAL_CONVERSION = YES;
				CLANG_WARN_OBJC_ROOT_CLASS = YES_ERROR;
				CLANG_WARN_RANGE_LOOP_ANALYSIS = YES;
				CLANG_WARN_STRICT_PROTOTYPES = YES;
				CLANG_WARN_SUSPICIOUS_MOVE = YES;
				CLANG_WARN_UNGUARDED_AVAILABILITY = YES_AGGRESSIVE;
				CLANG_WARN_UNREACHABLE_CODE = YES;
				CLANG_WARN__DUPLICATE_METHOD_MATCH = YES;
				CODE_SIGN_IDENTITY = "iPhone Developer";
				COPY_PHASE_STRIP = NO;
				DEBUG_INFORMATION_FORMAT = "dwarf-with-dsym";
				ENABLE_NS_ASSERTIONS = NO;
				ENABLE_STRICT_OBJC_MSGSEND = YES;
				GCC_C_LANGUAGE_STANDARD = gnu11;
				GCC_NO_COMMON_BLOCKS = YES;
				GCC_WARN_64_TO_32_BIT_CONVERSION = YES;
				GCC_WARN_ABOUT_RETURN_TYPE = YES_ERROR;
				GCC_WARN_UNDECLARED_SELECTOR = YES;
				GCC_WARN_UNINITIALIZED_AUTOS = YES_AGGRESSIVE;
				GCC_WARN_UNUSED_FUNCTION = YES;
				GCC_WARN_UNUSED_VARIABLE = YES;
				IPHONEOS_DEPLOYMENT_TARGET = 12.1;
				MTL_ENABLE_DEBUG_INFO = NO;
				MTL_FAST_MATH = YES;
				SDKROOT = iphoneos;
				SWIFT_COMPILATION_MODE = wholemodule;
				SWIFT_OPTIMIZATION_LEVEL = "-O";
				VALIDATE_PRODUCT = YES;
			};
			name = Release;
		};
		792AB5F2221803F4006401EE /* Debug */ = {
			isa = XCBuildConfiguration;
			baseConfigurationReference = 092C399E520401BAFBB63F7B /* Pods-StreamLabsAssignment.debug.xcconfig */;
			buildSettings = {
				ASSETCATALOG_COMPILER_APPICON_NAME = AppIcon;
				CODE_SIGN_STYLE = Automatic;
				DEVELOPMENT_TEAM = 4SAZBNJXNJ;
				INFOPLIST_FILE = StreamLabsAssignment/Info.plist;
				LD_RUNPATH_SEARCH_PATHS = (
					"$(inherited)",
					"@executable_path/Frameworks",
				);
				PRODUCT_BUNDLE_IDENTIFIER = com.streamlabs.StreamLabsAssignment;
				PRODUCT_NAME = "$(TARGET_NAME)";
				SWIFT_VERSION = 4.2;
				TARGETED_DEVICE_FAMILY = "1,2";
			};
			name = Debug;
		};
		792AB5F3221803F4006401EE /* Release */ = {
			isa = XCBuildConfiguration;
			baseConfigurationReference = EC9820A1A6C55DE798B8C480 /* Pods-StreamLabsAssignment.release.xcconfig */;
			buildSettings = {
				ASSETCATALOG_COMPILER_APPICON_NAME = AppIcon;
				CODE_SIGN_STYLE = Automatic;
				DEVELOPMENT_TEAM = 4SAZBNJXNJ;
				INFOPLIST_FILE = StreamLabsAssignment/Info.plist;
				LD_RUNPATH_SEARCH_PATHS = (
					"$(inherited)",
					"@executable_path/Frameworks",
				);
				PRODUCT_BUNDLE_IDENTIFIER = com.streamlabs.StreamLabsAssignment;
				PRODUCT_NAME = "$(TARGET_NAME)";
				SWIFT_VERSION = 4.2;
				TARGETED_DEVICE_FAMILY = "1,2";
			};
			name = Release;
		};
/* End XCBuildConfiguration section */

/* Begin XCConfigurationList section */
		792AB5DA221803F2006401EE /* Build configuration list for PBXProject "StreamLabsAssignment" */ = {
			isa = XCConfigurationList;
			buildConfigurations = (
				792AB5EF221803F4006401EE /* Debug */,
				792AB5F0221803F4006401EE /* Release */,
			);
			defaultConfigurationIsVisible = 0;
			defaultConfigurationName = Release;
		};
		792AB5F1221803F4006401EE /* Build configuration list for PBXNativeTarget "StreamLabsAssignment" */ = {
			isa = XCConfigurationList;
			buildConfigurations = (
				792AB5F2221803F4006401EE /* Debug */,
				792AB5F3221803F4006401EE /* Release */,
			);
			defaultConfigurationIsVisible = 0;
			defaultConfigurationName = Release;
		};
/* End XCConfigurationList section */
	};
	rootObject = 792AB5D7221803F2006401EE /* Project object */;
}
